
Microsoft Visual Studio Solution File, Format Version 12.00
# Visual Studio 2012
Project("{FAE04EC0-301F-11D3-BF4B-00C04F79EFBC}") = "Clinica", "Clinica\Clinica.csproj", "{8E94905F-8CF9-48BF-AD6F-0E24E5BF94CE}"
EndProject
Project("{FAE04EC0-301F-11D3-BF4B-00C04F79EFBC}") = "Clinica.Tests", "Clinica.Tests\Clinica.Tests.csproj", "{EA4C4BF8-00DC-45DB-8CAF-F16687AA33A9}"
EndProject
Global
	GlobalSection(SolutionConfigurationPlatforms) = preSolution
		Debug|Any CPU = Debug|Any CPU
		Release|Any CPU = Release|Any CPU
	EndGlobalSection
	GlobalSection(ProjectConfigurationPlatforms) = postSolution
		{8E94905F-8CF9-48BF-AD6F-0E24E5BF94CE}.Debug|Any CPU.ActiveCfg = Debug|Any CPU
		{8E94905F-8CF9-48BF-AD6F-0E24E5BF94CE}.Debug|Any CPU.Build.0 = Debug|Any CPU
		{8E94905F-8CF9-48BF-AD6F-0E24E5BF94CE}.Release|Any CPU.ActiveCfg = Release|Any CPU
		{8E94905F-8CF9-48BF-AD6F-0E24E5BF94CE}.Release|Any CPU.Build.0 = Release|Any CPU
		{EA4C4BF8-00DC-45DB-8CAF-F16687AA33A9}.Debug|Any CPU.ActiveCfg = Debug|Any CPU
		{EA4C4BF8-00DC-45DB-8CAF-F16687AA33A9}.Debug|Any CPU.Build.0 = Debug|Any CPU
		{EA4C4BF8-00DC-45DB-8CAF-F16687AA33A9}.Release|Any CPU.ActiveCfg = Release|Any CPU
		{EA4C4BF8-00DC-45DB-8CAF-F16687AA33A9}.Release|Any CPU.Build.0 = Release|Any CPU
	EndGlobalSection
	GlobalSection(SolutionProperties) = preSolution
		HideSolutionNode = FALSE
	EndGlobalSection
EndGlobal
